
Microsoft Visual Studio Solution File, Format Version 12.00
# Visual Studio Version 17
VisualStudioVersion = 17.6.33829.357
MinimumVisualStudioVersion = 10.0.40219.1
Project("{FAE04EC0-301F-11D3-BF4B-00C04F79EFBC}") = "TaskManagment", "TaskManagment\TaskManagment.csproj", "{E91E3DAB-84E9-49BC-BB11-4B55D1B0EE0E}"
EndProject
Global
	GlobalSection(SolutionConfigurationPlatforms) = preSolution
		Debug|Any CPU = Debug|Any CPU
		Release|Any CPU = Release|Any CPU
	EndGlobalSection
	GlobalSection(ProjectConfigurationPlatforms) = postSolution
		{E91E3DAB-84E9-49BC-BB11-4B55D1B0EE0E}.Debug|Any CPU.ActiveCfg = Debug|Any CPU
		{E91E3DAB-84E9-49BC-BB11-4B55D1B0EE0E}.Debug|Any CPU.Build.0 = Debug|Any CPU
		{E91E3DAB-84E9-49BC-BB11-4B55D1B0EE0E}.Release|Any CPU.ActiveCfg = Release|Any CPU
		{E91E3DAB-84E9-49BC-BB11-4B55D1B0EE0E}.Release|Any CPU.Build.0 = Release|Any CPU
	EndGlobalSection
	GlobalSection(SolutionProperties) = preSolution
		HideSolutionNode = FALSE
	EndGlobalSection
	GlobalSection(ExtensibilityGlobals) = postSolution
		SolutionGuid = {4EE038D5-B882-404B-BE08-510284811CC8}
	EndGlobalSection
EndGlobal
